
Microsoft Visual Studio Solution File, Format Version 12.00
# Visual Studio Version 17
VisualStudioVersion = 17.10.35013.160
MinimumVisualStudioVersion = 10.0.40219.1
Project("{FAE04EC0-301F-11D3-BF4B-00C04F79EFBC}") = "laba5", "laba5\laba5.csproj", "{9EE955DA-24BE-430A-AABF-F24E45BCC4CE}"
EndProject
Global
	GlobalSection(SolutionConfigurationPlatforms) = preSolution
		Debug|Any CPU = Debug|Any CPU
		Release|Any CPU = Release|Any CPU
	EndGlobalSection
	GlobalSection(ProjectConfigurationPlatforms) = postSolution
		{9EE955DA-24BE-430A-AABF-F24E45BCC4CE}.Debug|Any CPU.ActiveCfg = Debug|Any CPU
		{9EE955DA-24BE-430A-AABF-F24E45BCC4CE}.Debug|Any CPU.Build.0 = Debug|Any CPU
		{9EE955DA-24BE-430A-AABF-F24E45BCC4CE}.Release|Any CPU.ActiveCfg = Release|Any CPU
		{9EE955DA-24BE-430A-AABF-F24E45BCC4CE}.Release|Any CPU.Build.0 = Release|Any CPU
	EndGlobalSection
	GlobalSection(SolutionProperties) = preSolution
		HideSolutionNode = FALSE
	EndGlobalSection
	GlobalSection(ExtensibilityGlobals) = postSolution
		SolutionGuid = {1865CEA1-0E70-4A0E-A620-1ED67A14CEF6}
	EndGlobalSection
EndGlobal
